
Microsoft Visual Studio Solution File, Format Version 12.00
# Visual Studio Version 17
VisualStudioVersion = 17.5.33502.453
MinimumVisualStudioVersion = 10.0.40219.1
Project("{FAE04EC0-301F-11D3-BF4B-00C04F79EFBC}") = "LoigcAppsStandardRunActions", "src\LoigcAppsStandardRunActions\LoigcAppsStandardRunActions.csproj", "{3AFE97D9-2928-4C66-8E8B-BB2083BBB07B}"
EndProject
Project("{FAE04EC0-301F-11D3-BF4B-00C04F79EFBC}") = "TestProject1", "test\TestProject1\TestProject1.csproj", "{5FC91285-510B-4699-AB56-206907E8BB45}"
EndProject
Project("{2150E333-8FDC-42A3-9474-1A3956D46DE8}") = "src", "src", "{3087DBAE-8B5F-4843-B9B3-E967D0225ED8}"
EndProject
Project("{2150E333-8FDC-42A3-9474-1A3956D46DE8}") = "test", "test", "{F30F9EF9-6AF1-4099-B90E-759FE501950E}"
EndProject
Global
	GlobalSection(SolutionConfigurationPlatforms) = preSolution
		Debug|Any CPU = Debug|Any CPU
		Release|Any CPU = Release|Any CPU
	EndGlobalSection
	GlobalSection(ProjectConfigurationPlatforms) = postSolution
		{3AFE97D9-2928-4C66-8E8B-BB2083BBB07B}.Debug|Any CPU.ActiveCfg = Debug|Any CPU
		{3AFE97D9-2928-4C66-8E8B-BB2083BBB07B}.Debug|Any CPU.Build.0 = Debug|Any CPU
		{3AFE97D9-2928-4C66-8E8B-BB2083BBB07B}.Release|Any CPU.ActiveCfg = Release|Any CPU
		{3AFE97D9-2928-4C66-8E8B-BB2083BBB07B}.Release|Any CPU.Build.0 = Release|Any CPU
		{5FC91285-510B-4699-AB56-206907E8BB45}.Debug|Any CPU.ActiveCfg = Debug|Any CPU
		{5FC91285-510B-4699-AB56-206907E8BB45}.Debug|Any CPU.Build.0 = Debug|Any CPU
		{5FC91285-510B-4699-AB56-206907E8BB45}.Release|Any CPU.ActiveCfg = Release|Any CPU
		{5FC91285-510B-4699-AB56-206907E8BB45}.Release|Any CPU.Build.0 = Release|Any CPU
	EndGlobalSection
	GlobalSection(SolutionProperties) = preSolution
		HideSolutionNode = FALSE
	EndGlobalSection
	GlobalSection(NestedProjects) = preSolution
		{3AFE97D9-2928-4C66-8E8B-BB2083BBB07B} = {3087DBAE-8B5F-4843-B9B3-E967D0225ED8}
		{5FC91285-510B-4699-AB56-206907E8BB45} = {F30F9EF9-6AF1-4099-B90E-759FE501950E}
	EndGlobalSection
	GlobalSection(ExtensibilityGlobals) = postSolution
		SolutionGuid = {C96EDF75-5EDF-4C3A-B609-F92D4CA08990}
	EndGlobalSection
EndGlobal
